
Microsoft Visual Studio Solution File, Format Version 12.00
# Visual Studio 15
VisualStudioVersion = 15.0.26124.0
MinimumVisualStudioVersion = 15.0.26124.0
Project("{FAE04EC0-301F-11D3-BF4B-00C04F79EFBC}") = "ProAgil.API", "ProAgil.API\ProAgil.API.csproj", "{A8488904-EAEA-43BB-A771-88AD2E78BCD9}"
EndProject
Project("{FAE04EC0-301F-11D3-BF4B-00C04F79EFBC}") = "ProAgil.Repository", "ProAgil.Repository\ProAgil.Repository.csproj", "{E225937F-6781-4DD6-ADFD-B0141FE6FDAC}"
EndProject
Project("{FAE04EC0-301F-11D3-BF4B-00C04F79EFBC}") = "ProAgil.Domain", "ProAgil.Domain\ProAgil.Domain.csproj", "{391585DF-D7E2-489E-9B59-27AAF3843E59}"
EndProject
Global
	GlobalSection(SolutionConfigurationPlatforms) = preSolution
		Debug|Any CPU = Debug|Any CPU
		Debug|x64 = Debug|x64
		Debug|x86 = Debug|x86
		Release|Any CPU = Release|Any CPU
		Release|x64 = Release|x64
		Release|x86 = Release|x86
	EndGlobalSection
	GlobalSection(SolutionProperties) = preSolution
		HideSolutionNode = FALSE
	EndGlobalSection
	GlobalSection(ProjectConfigurationPlatforms) = postSolution
		{A8488904-EAEA-43BB-A771-88AD2E78BCD9}.Debug|Any CPU.ActiveCfg = Debug|Any CPU
		{A8488904-EAEA-43BB-A771-88AD2E78BCD9}.Debug|Any CPU.Build.0 = Debug|Any CPU
		{A8488904-EAEA-43BB-A771-88AD2E78BCD9}.Debug|x64.ActiveCfg = Debug|Any CPU
		{A8488904-EAEA-43BB-A771-88AD2E78BCD9}.Debug|x64.Build.0 = Debug|Any CPU
		{A8488904-EAEA-43BB-A771-88AD2E78BCD9}.Debug|x86.ActiveCfg = Debug|Any CPU
		{A8488904-EAEA-43BB-A771-88AD2E78BCD9}.Debug|x86.Build.0 = Debug|Any CPU
		{A8488904-EAEA-43BB-A771-88AD2E78BCD9}.Release|Any CPU.ActiveCfg = Release|Any CPU
		{A8488904-EAEA-43BB-A771-88AD2E78BCD9}.Release|Any CPU.Build.0 = Release|Any CPU
		{A8488904-EAEA-43BB-A771-88AD2E78BCD9}.Release|x64.ActiveCfg = Release|Any CPU
		{A8488904-EAEA-43BB-A771-88AD2E78BCD9}.Release|x64.Build.0 = Release|Any CPU
		{A8488904-EAEA-43BB-A771-88AD2E78BCD9}.Release|x86.ActiveCfg = Release|Any CPU
		{A8488904-EAEA-43BB-A771-88AD2E78BCD9}.Release|x86.Build.0 = Release|Any CPU
		{E225937F-6781-4DD6-ADFD-B0141FE6FDAC}.Debug|Any CPU.ActiveCfg = Debug|Any CPU
		{E225937F-6781-4DD6-ADFD-B0141FE6FDAC}.Debug|Any CPU.Build.0 = Debug|Any CPU
		{E225937F-6781-4DD6-ADFD-B0141FE6FDAC}.Debug|x64.ActiveCfg = Debug|Any CPU
		{E225937F-6781-4DD6-ADFD-B0141FE6FDAC}.Debug|x64.Build.0 = Debug|Any CPU
		{E225937F-6781-4DD6-ADFD-B0141FE6FDAC}.Debug|x86.ActiveCfg = Debug|Any CPU
		{E225937F-6781-4DD6-ADFD-B0141FE6FDAC}.Debug|x86.Build.0 = Debug|Any CPU
		{E225937F-6781-4DD6-ADFD-B0141FE6FDAC}.Release|Any CPU.ActiveCfg = Release|Any CPU
		{E225937F-6781-4DD6-ADFD-B0141FE6FDAC}.Release|Any CPU.Build.0 = Release|Any CPU
		{E225937F-6781-4DD6-ADFD-B0141FE6FDAC}.Release|x64.ActiveCfg = Release|Any CPU
		{E225937F-6781-4DD6-ADFD-B0141FE6FDAC}.Release|x64.Build.0 = Release|Any CPU
		{E225937F-6781-4DD6-ADFD-B0141FE6FDAC}.Release|x86.ActiveCfg = Release|Any CPU
		{E225937F-6781-4DD6-ADFD-B0141FE6FDAC}.Release|x86.Build.0 = Release|Any CPU
		{391585DF-D7E2-489E-9B59-27AAF3843E59}.Debug|Any CPU.ActiveCfg = Debug|Any CPU
		{391585DF-D7E2-489E-9B59-27AAF3843E59}.Debug|Any CPU.Build.0 = Debug|Any CPU
		{391585DF-D7E2-489E-9B59-27AAF3843E59}.Debug|x64.ActiveCfg = Debug|Any CPU
		{391585DF-D7E2-489E-9B59-27AAF3843E59}.Debug|x64.Build.0 = Debug|Any CPU
		{391585DF-D7E2-489E-9B59-27AAF3843E59}.Debug|x86.ActiveCfg = Debug|Any CPU
		{391585DF-D7E2-489E-9B59-27AAF3843E59}.Debug|x86.Build.0 = Debug|Any CPU
		{391585DF-D7E2-489E-9B59-27AAF3843E59}.Release|Any CPU.ActiveCfg = Release|Any CPU
		{391585DF-D7E2-489E-9B59-27AAF3843E59}.Release|Any CPU.Build.0 = Release|Any CPU
		{391585DF-D7E2-489E-9B59-27AAF3843E59}.Release|x64.ActiveCfg = Release|Any CPU
		{391585DF-D7E2-489E-9B59-27AAF3843E59}.Release|x64.Build.0 = Release|Any CPU
		{391585DF-D7E2-489E-9B59-27AAF3843E59}.Release|x86.ActiveCfg = Release|Any CPU
		{391585DF-D7E2-489E-9B59-27AAF3843E59}.Release|x86.Build.0 = Release|Any CPU
	EndGlobalSection
EndGlobal
